// !$*UTF8*$!
{
	archiveVersion = 1;
	classes = {
	};
	objectVersion = 55;
	objects = {

/* Begin PBXBuildFile section */
		4D0B8FDB281A1819005E4909 /* HandDripCoffeeApp.swift in Sources */ = {isa = PBXBuildFile; fileRef = 4D0B8FDA281A1819005E4909 /* HandDripCoffeeApp.swift */; };
		4D0B8FDD281A1819005E4909 /* ContentView.swift in Sources */ = {isa = PBXBuildFile; fileRef = 4D0B8FDC281A1819005E4909 /* ContentView.swift */; };
		4D0B8FDF281A181D005E4909 /* Assets.xcassets in Resources */ = {isa = PBXBuildFile; fileRef = 4D0B8FDE281A181D005E4909 /* Assets.xcassets */; };
		4D0B8FE2281A181D005E4909 /* Preview Assets.xcassets in Resources */ = {isa = PBXBuildFile; fileRef = 4D0B8FE1281A181D005E4909 /* Preview Assets.xcassets */; };
		4D0B8FEC281A181D005E4909 /* handDripCoffeeTests.swift in Sources */ = {isa = PBXBuildFile; fileRef = 4D0B8FEB281A181D005E4909 /* handDripCoffeeTests.swift */; };
		4D0B8FF6281A181D005E4909 /* handDripCoffeeUITests.swift in Sources */ = {isa = PBXBuildFile; fileRef = 4D0B8FF5281A181D005E4909 /* handDripCoffeeUITests.swift */; };
		4D0B8FF8281A181D005E4909 /* handDripCoffeeUITestsLaunchTests.swift in Sources */ = {isa = PBXBuildFile; fileRef = 4D0B8FF7281A181D005E4909 /* handDripCoffeeUITestsLaunchTests.swift */; };
		4D0B9007281A7CE4005E4909 /* ColorExtension.swift in Sources */ = {isa = PBXBuildFile; fileRef = 4D0B9006281A7CE4005E4909 /* ColorExtension.swift */; };
		4D0B9009281B6BB1005E4909 /* MianSeletedBar.swift in Sources */ = {isa = PBXBuildFile; fileRef = 4D0B9008281B6BB1005E4909 /* MianSeletedBar.swift */; };
		4D66C4092823959400EDC205 /* CoffeeDetail.swift in Sources */ = {isa = PBXBuildFile; fileRef = 4D66C4082823959400EDC205 /* CoffeeDetail.swift */; };
		4D86C6C8282165AB004BC81D /* Lottie in Frameworks */ = {isa = PBXBuildFile; productRef = 4D86C6C7282165AB004BC81D /* Lottie */; };
		4D86C6CA282165D1004BC81D /* LottieView1.swift in Sources */ = {isa = PBXBuildFile; fileRef = 4D86C6C9282165D1004BC81D /* LottieView1.swift */; };
		4D86C6CE28216A6B004BC81D /* lf20_jUaIOT.json in Resources */ = {isa = PBXBuildFile; fileRef = 4D86C6CD28216A6B004BC81D /* lf20_jUaIOT.json */; };
		4D86C6D028217AFA004BC81D /* lf30_editor_hhraccf4.json in Resources */ = {isa = PBXBuildFile; fileRef = 4D86C6CF28217AFA004BC81D /* lf30_editor_hhraccf4.json */; };
		4D86C6D228218AF5004BC81D /* LottieView2.swift in Sources */ = {isa = PBXBuildFile; fileRef = 4D86C6D128218AF5004BC81D /* LottieView2.swift */; };
		4D86C6D428218E95004BC81D /* lf30_editor_s11lodtv.json in Resources */ = {isa = PBXBuildFile; fileRef = 4D86C6D328218E95004BC81D /* lf30_editor_s11lodtv.json */; };
		4D86C6D628218ED8004BC81D /* LottieView.swift in Sources */ = {isa = PBXBuildFile; fileRef = 4D86C6D528218ED8004BC81D /* LottieView.swift */; };
		4D86C6ED2822CABA004BC81D /* HanddripGuide10.swift in Sources */ = {isa = PBXBuildFile; fileRef = 4D86C6EC2822CABA004BC81D /* HanddripGuide10.swift */; };
		4D86C6EF2822CAC9004BC81D /* HanddripGuide11.swift in Sources */ = {isa = PBXBuildFile; fileRef = 4D86C6EE2822CAC9004BC81D /* HanddripGuide11.swift */; };
		4D86C6F12822CAE1004BC81D /* HanddripGuide12.swift in Sources */ = {isa = PBXBuildFile; fileRef = 4D86C6F02822CAE1004BC81D /* HanddripGuide12.swift */; };
		4D86C6F32822CAED004BC81D /* HanddripGuide13.swift in Sources */ = {isa = PBXBuildFile; fileRef = 4D86C6F22822CAED004BC81D /* HanddripGuide13.swift */; };
		4DCB2652281D8203006923C5 /* GridCardItem.swift in Sources */ = {isa = PBXBuildFile; fileRef = 4DCB2651281D8203006923C5 /* GridCardItem.swift */; };
		4DCB2654281D82DB006923C5 /* CoffeeInfo.swift in Sources */ = {isa = PBXBuildFile; fileRef = 4DCB2653281D82DB006923C5 /* CoffeeInfo.swift */; };
		4DCB2656281D8334006923C5 /* CoffeeSubInfo.swift in Sources */ = {isa = PBXBuildFile; fileRef = 4DCB2655281D8334006923C5 /* CoffeeSubInfo.swift */; };
		4DCB265A281D84BC006923C5 /* ToggleButton.swift in Sources */ = {isa = PBXBuildFile; fileRef = 4DCB2659281D84BC006923C5 /* ToggleButton.swift */; };
		4DD1D934281F720B00EBBEE6 /* HanddripGuide.swift in Sources */ = {isa = PBXBuildFile; fileRef = 4DD1D933281F720B00EBBEE6 /* HanddripGuide.swift */; };
		4DD55CA9281FBC7B00A03F42 /* HanddripGuide2.swift in Sources */ = {isa = PBXBuildFile; fileRef = 4DD55CA8281FBC7B00A03F42 /* HanddripGuide2.swift */; };
		4DD55CAD281FC20B00A03F42 /* HanddripGuide3.swift in Sources */ = {isa = PBXBuildFile; fileRef = 4DD55CAC281FC20B00A03F42 /* HanddripGuide3.swift */; };
		4DD55CB1281FC8D400A03F42 /* HanddripGuide4.swift in Sources */ = {isa = PBXBuildFile; fileRef = 4DD55CB0281FC8D400A03F42 /* HanddripGuide4.swift */; };
		4DD55CB3281FC96600A03F42 /* HanddripGuide5.swift in Sources */ = {isa = PBXBuildFile; fileRef = 4DD55CB2281FC96600A03F42 /* HanddripGuide5.swift */; };
		4DD55CB5281FCAE300A03F42 /* HanddripGuide6.swift in Sources */ = {isa = PBXBuildFile; fileRef = 4DD55CB4281FCAE300A03F42 /* HanddripGuide6.swift */; };
		4DD55CB7281FCBCE00A03F42 /* HanddripGuide7.swift in Sources */ = {isa = PBXBuildFile; fileRef = 4DD55CB6281FCBCE00A03F42 /* HanddripGuide7.swift */; };
		4DD55CB9281FF5EA00A03F42 /* HanddripGuide8.swift in Sources */ = {isa = PBXBuildFile; fileRef = 4DD55CB8281FF5EA00A03F42 /* HanddripGuide8.swift */; };
		4DD55CBC281FFD7200A03F42 /* HanddripGuide9.swift in Sources */ = {isa = PBXBuildFile; fileRef = 4DD55CBB281FFD7200A03F42 /* HanddripGuide9.swift */; };
		4DD55CBE28200A7C00A03F42 /* HanddripGuideLast.swift in Sources */ = {isa = PBXBuildFile; fileRef = 4DD55CBD28200A7C00A03F42 /* HanddripGuideLast.swift */; };
		4DD55CC0282038EC00A03F42 /* SwiftUIView10.swift in Sources */ = {isa = PBXBuildFile; fileRef = 4DD55CBF282038EC00A03F42 /* SwiftUIView10.swift */; };
/* End PBXBuildFile section */

/* Begin PBXContainerItemProxy section */
		4D0B8FE8281A181D005E4909 /* PBXContainerItemProxy */ = {
			isa = PBXContainerItemProxy;
			containerPortal = 4D0B8FCF281A1819005E4909 /* Project object */;
			proxyType = 1;
			remoteGlobalIDString = 4D0B8FD6281A1819005E4909;
			remoteInfo = handDripCoffee;
		};
		4D0B8FF2281A181D005E4909 /* PBXContainerItemProxy */ = {
			isa = PBXContainerItemProxy;
			containerPortal = 4D0B8FCF281A1819005E4909 /* Project object */;
			proxyType = 1;
			remoteGlobalIDString = 4D0B8FD6281A1819005E4909;
			remoteInfo = handDripCoffee;
		};
/* End PBXContainerItemProxy section */

/* Begin PBXFileReference section */
		4D0B8FD7281A1819005E4909 /* handDripCoffee.app */ = {isa = PBXFileReference; explicitFileType = wrapper.application; includeInIndex = 0; path = handDripCoffee.app; sourceTree = BUILT_PRODUCTS_DIR; };
		4D0B8FDA281A1819005E4909 /* HandDripCoffeeApp.swift */ = {isa = PBXFileReference; lastKnownFileType = sourcecode.swift; path = HandDripCoffeeApp.swift; sourceTree = "<group>"; };
		4D0B8FDC281A1819005E4909 /* ContentView.swift */ = {isa = PBXFileReference; lastKnownFileType = sourcecode.swift; path = ContentView.swift; sourceTree = "<group>"; };
		4D0B8FDE281A181D005E4909 /* Assets.xcassets */ = {isa = PBXFileReference; lastKnownFileType = folder.assetcatalog; path = Assets.xcassets; sourceTree = "<group>"; };
		4D0B8FE1281A181D005E4909 /* Preview Assets.xcassets */ = {isa = PBXFileReference; lastKnownFileType = folder.assetcatalog; path = "Preview Assets.xcassets"; sourceTree = "<group>"; };
		4D0B8FE7281A181D005E4909 /* handDripCoffeeTests.xctest */ = {isa = PBXFileReference; explicitFileType = wrapper.cfbundle; includeInIndex = 0; path = handDripCoffeeTests.xctest; sourceTree = BUILT_PRODUCTS_DIR; };
		4D0B8FEB281A181D005E4909 /* handDripCoffeeTests.swift */ = {isa = PBXFileReference; lastKnownFileType = sourcecode.swift; path = handDripCoffeeTests.swift; sourceTree = "<group>"; };
		4D0B8FF1281A181D005E4909 /* handDripCoffeeUITests.xctest */ = {isa = PBXFileReference; explicitFileType = wrapper.cfbundle; includeInIndex = 0; path = handDripCoffeeUITests.xctest; sourceTree = BUILT_PRODUCTS_DIR; };
		4D0B8FF5281A181D005E4909 /* handDripCoffeeUITests.swift */ = {isa = PBXFileReference; lastKnownFileType = sourcecode.swift; path = handDripCoffeeUITests.swift; sourceTree = "<group>"; };
		4D0B8FF7281A181D005E4909 /* handDripCoffeeUITestsLaunchTests.swift */ = {isa = PBXFileReference; lastKnownFileType = sourcecode.swift; path = handDripCoffeeUITestsLaunchTests.swift; sourceTree = "<group>"; };
		4D0B9006281A7CE4005E4909 /* ColorExtension.swift */ = {isa = PBXFileReference; lastKnownFileType = sourcecode.swift; path = ColorExtension.swift; sourceTree = "<group>"; };
		4D0B9008281B6BB1005E4909 /* MianSeletedBar.swift */ = {isa = PBXFileReference; lastKnownFileType = sourcecode.swift; path = MianSeletedBar.swift; sourceTree = "<group>"; };
		4D66C4082823959400EDC205 /* CoffeeDetail.swift */ = {isa = PBXFileReference; lastKnownFileType = sourcecode.swift; path = CoffeeDetail.swift; sourceTree = "<group>"; };
		4D86C6C9282165D1004BC81D /* LottieView1.swift */ = {isa = PBXFileReference; lastKnownFileType = sourcecode.swift; path = LottieView1.swift; sourceTree = "<group>"; };
		4D86C6CD28216A6B004BC81D /* lf20_jUaIOT.json */ = {isa = PBXFileReference; fileEncoding = 4; lastKnownFileType = text.json; path = lf20_jUaIOT.json; sourceTree = "<group>"; };
		4D86C6CF28217AFA004BC81D /* lf30_editor_hhraccf4.json */ = {isa = PBXFileReference; fileEncoding = 4; lastKnownFileType = text.json; path = lf30_editor_hhraccf4.json; sourceTree = "<group>"; };
		4D86C6D128218AF5004BC81D /* LottieView2.swift */ = {isa = PBXFileReference; lastKnownFileType = sourcecode.swift; path = LottieView2.swift; sourceTree = "<group>"; };
		4D86C6D328218E95004BC81D /* lf30_editor_s11lodtv.json */ = {isa = PBXFileReference; fileEncoding = 4; lastKnownFileType = text.json; path = lf30_editor_s11lodtv.json; sourceTree = "<group>"; };
		4D86C6D528218ED8004BC81D /* LottieView.swift */ = {isa = PBXFileReference; lastKnownFileType = sourcecode.swift; path = LottieView.swift; sourceTree = "<group>"; };
		4D86C6EC2822CABA004BC81D /* HanddripGuide10.swift */ = {isa = PBXFileReference; lastKnownFileType = sourcecode.swift; path = HanddripGuide10.swift; sourceTree = "<group>"; };
		4D86C6EE2822CAC9004BC81D /* HanddripGuide11.swift */ = {isa = PBXFileReference; lastKnownFileType = sourcecode.swift; path = HanddripGuide11.swift; sourceTree = "<group>"; };
		4D86C6F02822CAE1004BC81D /* HanddripGuide12.swift */ = {isa = PBXFileReference; lastKnownFileType = sourcecode.swift; path = HanddripGuide12.swift; sourceTree = "<group>"; };
		4D86C6F22822CAED004BC81D /* HanddripGuide13.swift */ = {isa = PBXFileReference; lastKnownFileType = sourcecode.swift; path = HanddripGuide13.swift; sourceTree = "<group>"; };
		4DCB2651281D8203006923C5 /* GridCardItem.swift */ = {isa = PBXFileReference; lastKnownFileType = sourcecode.swift; path = GridCardItem.swift; sourceTree = "<group>"; };
		4DCB2653281D82DB006923C5 /* CoffeeInfo.swift */ = {isa = PBXFileReference; lastKnownFileType = sourcecode.swift; path = CoffeeInfo.swift; sourceTree = "<group>"; };
		4DCB2655281D8334006923C5 /* CoffeeSubInfo.swift */ = {isa = PBXFileReference; lastKnownFileType = sourcecode.swift; path = CoffeeSubInfo.swift; sourceTree = "<group>"; };
		4DCB2659281D84BC006923C5 /* ToggleButton.swift */ = {isa = PBXFileReference; lastKnownFileType = sourcecode.swift; path = ToggleButton.swift; sourceTree = "<group>"; };
		4DD1D933281F720B00EBBEE6 /* HanddripGuide.swift */ = {isa = PBXFileReference; lastKnownFileType = sourcecode.swift; path = HanddripGuide.swift; sourceTree = "<group>"; };
		4DD55CA8281FBC7B00A03F42 /* HanddripGuide2.swift */ = {isa = PBXFileReference; lastKnownFileType = sourcecode.swift; path = HanddripGuide2.swift; sourceTree = "<group>"; };
		4DD55CAC281FC20B00A03F42 /* HanddripGuide3.swift */ = {isa = PBXFileReference; lastKnownFileType = sourcecode.swift; path = HanddripGuide3.swift; sourceTree = "<group>"; };
		4DD55CB0281FC8D400A03F42 /* HanddripGuide4.swift */ = {isa = PBXFileReference; lastKnownFileType = sourcecode.swift; path = HanddripGuide4.swift; sourceTree = "<group>"; };
		4DD55CB2281FC96600A03F42 /* HanddripGuide5.swift */ = {isa = PBXFileReference; lastKnownFileType = sourcecode.swift; path = HanddripGuide5.swift; sourceTree = "<group>"; };
		4DD55CB4281FCAE300A03F42 /* HanddripGuide6.swift */ = {isa = PBXFileReference; lastKnownFileType = sourcecode.swift; path = HanddripGuide6.swift; sourceTree = "<group>"; };
		4DD55CB6281FCBCE00A03F42 /* HanddripGuide7.swift */ = {isa = PBXFileReference; lastKnownFileType = sourcecode.swift; path = HanddripGuide7.swift; sourceTree = "<group>"; };
		4DD55CB8281FF5EA00A03F42 /* HanddripGuide8.swift */ = {isa = PBXFileReference; lastKnownFileType = sourcecode.swift; path = HanddripGuide8.swift; sourceTree = "<group>"; };
		4DD55CBB281FFD7200A03F42 /* HanddripGuide9.swift */ = {isa = PBXFileReference; lastKnownFileType = sourcecode.swift; path = HanddripGuide9.swift; sourceTree = "<group>"; };
		4DD55CBD28200A7C00A03F42 /* HanddripGuideLast.swift */ = {isa = PBXFileReference; lastKnownFileType = sourcecode.swift; path = HanddripGuideLast.swift; sourceTree = "<group>"; };
		4DD55CBF282038EC00A03F42 /* SwiftUIView10.swift */ = {isa = PBXFileReference; lastKnownFileType = sourcecode.swift; path = SwiftUIView10.swift; sourceTree = "<group>"; };
/* End PBXFileReference section */

/* Begin PBXFrameworksBuildPhase section */
		4D0B8FD4281A1819005E4909 /* Frameworks */ = {
			isa = PBXFrameworksBuildPhase;
			buildActionMask = 2147483647;
			files = (
				4D86C6C8282165AB004BC81D /* Lottie in Frameworks */,
			);
			runOnlyForDeploymentPostprocessing = 0;
		};
		4D0B8FE4281A181D005E4909 /* Frameworks */ = {
			isa = PBXFrameworksBuildPhase;
			buildActionMask = 2147483647;
			files = (
			);
			runOnlyForDeploymentPostprocessing = 0;
		};
		4D0B8FEE281A181D005E4909 /* Frameworks */ = {
			isa = PBXFrameworksBuildPhase;
			buildActionMask = 2147483647;
			files = (
			);
			runOnlyForDeploymentPostprocessing = 0;
		};
/* End PBXFrameworksBuildPhase section */

/* Begin PBXGroup section */
		4D0B8FCE281A1819005E4909 = {
			isa = PBXGroup;
			children = (
				4D0B8FD9281A1819005E4909 /* handDripCoffee */,
				4D0B8FEA281A181D005E4909 /* handDripCoffeeTests */,
				4D0B8FF4281A181D005E4909 /* handDripCoffeeUITests */,
				4D0B8FD8281A1819005E4909 /* Products */,
			);
			sourceTree = "<group>";
		};
		4D0B8FD8281A1819005E4909 /* Products */ = {
			isa = PBXGroup;
			children = (
				4D0B8FD7281A1819005E4909 /* handDripCoffee.app */,
				4D0B8FE7281A181D005E4909 /* handDripCoffeeTests.xctest */,
				4D0B8FF1281A181D005E4909 /* handDripCoffeeUITests.xctest */,
			);
			name = Products;
			sourceTree = "<group>";
		};
		4D0B8FD9281A1819005E4909 /* handDripCoffee */ = {
			isa = PBXGroup;
			children = (
				4D0B9004281A7CC3005E4909 /* Helper */,
				4D0B8FDA281A1819005E4909 /* HandDripCoffeeApp.swift */,
				4DCB2651281D8203006923C5 /* GridCardItem.swift */,
				4D0B8FDC281A1819005E4909 /* ContentView.swift */,
				4D66C4082823959400EDC205 /* CoffeeDetail.swift */,
				4D0B9008281B6BB1005E4909 /* MianSeletedBar.swift */,
				4DCB2653281D82DB006923C5 /* CoffeeInfo.swift */,
				4DCB2655281D8334006923C5 /* CoffeeSubInfo.swift */,
				4DCB2659281D84BC006923C5 /* ToggleButton.swift */,
				4D86C6D828219AF0004BC81D /* HanddripGuideView */,
				4D86C6D728219AB3004BC81D /* New Group */,
				4DD55CBF282038EC00A03F42 /* SwiftUIView10.swift */,
				4D86C6C9282165D1004BC81D /* LottieView1.swift */,
				4D86C6D128218AF5004BC81D /* LottieView2.swift */,
				4D86C6D528218ED8004BC81D /* LottieView.swift */,
				4D86C6CF28217AFA004BC81D /* lf30_editor_hhraccf4.json */,
				4D86C6D328218E95004BC81D /* lf30_editor_s11lodtv.json */,
				4D86C6CD28216A6B004BC81D /* lf20_jUaIOT.json */,
				4DD55CBA281FF68F00A03F42 /* HanddripGuide */,
				4D0B8FDE281A181D005E4909 /* Assets.xcassets */,
				4D0B8FE0281A181D005E4909 /* Preview Content */,
			);
			path = handDripCoffee;
			sourceTree = "<group>";
		};
		4D0B8FE0281A181D005E4909 /* Preview Content */ = {
			isa = PBXGroup;
			children = (
				4D0B8FE1281A181D005E4909 /* Preview Assets.xcassets */,
			);
			path = "Preview Content";
			sourceTree = "<group>";
		};
		4D0B8FEA281A181D005E4909 /* handDripCoffeeTests */ = {
			isa = PBXGroup;
			children = (
				4D0B8FEB281A181D005E4909 /* handDripCoffeeTests.swift */,
			);
			path = handDripCoffeeTests;
			sourceTree = "<group>";
		};
		4D0B8FF4281A181D005E4909 /* handDripCoffeeUITests */ = {
			isa = PBXGroup;
			children = (
				4D0B8FF5281A181D005E4909 /* handDripCoffeeUITests.swift */,
				4D0B8FF7281A181D005E4909 /* handDripCoffeeUITestsLaunchTests.swift */,
			);
			path = handDripCoffeeUITests;
			sourceTree = "<group>";
		};
		4D0B9004281A7CC3005E4909 /* Helper */ = {
			isa = PBXGroup;
			children = (
				4D0B9005281A7CD5005E4909 /* Extension */,
			);
			path = Helper;
			sourceTree = "<group>";
		};
		4D0B9005281A7CD5005E4909 /* Extension */ = {
			isa = PBXGroup;
			children = (
				4D0B9006281A7CE4005E4909 /* ColorExtension.swift */,
			);
			path = Extension;
			sourceTree = "<group>";
		};
		4D86C6D728219AB3004BC81D /* New Group */ = {
			isa = PBXGroup;
			children = (
			);
			path = "New Group";
			sourceTree = "<group>";
		};
		4D86C6D828219AF0004BC81D /* HanddripGuideView */ = {
			isa = PBXGroup;
			children = (
				4DD1D933281F720B00EBBEE6 /* HanddripGuide.swift */,
				4DD55CA8281FBC7B00A03F42 /* HanddripGuide2.swift */,
				4DD55CAC281FC20B00A03F42 /* HanddripGuide3.swift */,
				4DD55CB0281FC8D400A03F42 /* HanddripGuide4.swift */,
				4DD55CB2281FC96600A03F42 /* HanddripGuide5.swift */,
				4DD55CB4281FCAE300A03F42 /* HanddripGuide6.swift */,
				4DD55CB6281FCBCE00A03F42 /* HanddripGuide7.swift */,
				4DD55CB8281FF5EA00A03F42 /* HanddripGuide8.swift */,
				4DD55CBB281FFD7200A03F42 /* HanddripGuide9.swift */,
				4D86C6EC2822CABA004BC81D /* HanddripGuide10.swift */,
				4D86C6EE2822CAC9004BC81D /* HanddripGuide11.swift */,
				4D86C6F02822CAE1004BC81D /* HanddripGuide12.swift */,
				4D86C6F22822CAED004BC81D /* HanddripGuide13.swift */,
				4DD55CBD28200A7C00A03F42 /* HanddripGuideLast.swift */,
			);
			path = HanddripGuideView;
			sourceTree = "<group>";
		};
		4DD55CBA281FF68F00A03F42 /* HanddripGuide */ = {
			isa = PBXGroup;
			children = (
			);
			path = HanddripGuide;
			sourceTree = "<group>";
		};
/* End PBXGroup section */

/* Begin PBXNativeTarget section */
		4D0B8FD6281A1819005E4909 /* handDripCoffee */ = {
			isa = PBXNativeTarget;
			buildConfigurationList = 4D0B8FFB281A181D005E4909 /* Build configuration list for PBXNativeTarget "handDripCoffee" */;
			buildPhases = (
				4D0B8FD3281A1819005E4909 /* Sources */,
				4D0B8FD4281A1819005E4909 /* Frameworks */,
				4D0B8FD5281A1819005E4909 /* Resources */,
			);
			buildRules = (
			);
			dependencies = (
			);
			name = handDripCoffee;
			packageProductDependencies = (
				4D86C6C7282165AB004BC81D /* Lottie */,
			);
			productName = handDripCoffee;
			productReference = 4D0B8FD7281A1819005E4909 /* handDripCoffee.app */;
			productType = "com.apple.product-type.application";
		};
		4D0B8FE6281A181D005E4909 /* handDripCoffeeTests */ = {
			isa = PBXNativeTarget;
			buildConfigurationList = 4D0B8FFE281A181D005E4909 /* Build configuration list for PBXNativeTarget "handDripCoffeeTests" */;
			buildPhases = (
				4D0B8FE3281A181D005E4909 /* Sources */,
				4D0B8FE4281A181D005E4909 /* Frameworks */,
				4D0B8FE5281A181D005E4909 /* Resources */,
			);
			buildRules = (
			);
			dependencies = (
				4D0B8FE9281A181D005E4909 /* PBXTargetDependency */,
			);
			name = handDripCoffeeTests;
			productName = handDripCoffeeTests;
			productReference = 4D0B8FE7281A181D005E4909 /* handDripCoffeeTests.xctest */;
			productType = "com.apple.product-type.bundle.unit-test";
		};
		4D0B8FF0281A181D005E4909 /* handDripCoffeeUITests */ = {
			isa = PBXNativeTarget;
			buildConfigurationList = 4D0B9001281A181D005E4909 /* Build configuration list for PBXNativeTarget "handDripCoffeeUITests" */;
			buildPhases = (
				4D0B8FED281A181D005E4909 /* Sources */,
				4D0B8FEE281A181D005E4909 /* Frameworks */,
				4D0B8FEF281A181D005E4909 /* Resources */,
			);
			buildRules = (
			);
			dependencies = (
				4D0B8FF3281A181D005E4909 /* PBXTargetDependency */,
			);
			name = handDripCoffeeUITests;
			productName = handDripCoffeeUITests;
			productReference = 4D0B8FF1281A181D005E4909 /* handDripCoffeeUITests.xctest */;
			productType = "com.apple.product-type.bundle.ui-testing";
		};
/* End PBXNativeTarget section */

/* Begin PBXProject section */
		4D0B8FCF281A1819005E4909 /* Project object */ = {
			isa = PBXProject;
			attributes = {
				BuildIndependentTargetsInParallel = 1;
				LastSwiftUpdateCheck = 1330;
				LastUpgradeCheck = 1330;
				TargetAttributes = {
					4D0B8FD6281A1819005E4909 = {
						CreatedOnToolsVersion = 13.3.1;
					};
					4D0B8FE6281A181D005E4909 = {
						CreatedOnToolsVersion = 13.3.1;
						TestTargetID = 4D0B8FD6281A1819005E4909;
					};
					4D0B8FF0281A181D005E4909 = {
						CreatedOnToolsVersion = 13.3.1;
						TestTargetID = 4D0B8FD6281A1819005E4909;
					};
				};
			};
			buildConfigurationList = 4D0B8FD2281A1819005E4909 /* Build configuration list for PBXProject "handDripCoffee" */;
			compatibilityVersion = "Xcode 13.0";
			developmentRegion = en;
			hasScannedForEncodings = 0;
			knownRegions = (
				en,
				Base,
			);
			mainGroup = 4D0B8FCE281A1819005E4909;
			packageReferences = (
				4D86C6C6282165AB004BC81D /* XCRemoteSwiftPackageReference "lottie-ios" */,
			);
			productRefGroup = 4D0B8FD8281A1819005E4909 /* Products */;
			projectDirPath = "";
			projectRoot = "";
			targets = (
				4D0B8FD6281A1819005E4909 /* handDripCoffee */,
				4D0B8FE6281A181D005E4909 /* handDripCoffeeTests */,
				4D0B8FF0281A181D005E4909 /* handDripCoffeeUITests */,
			);
		};
/* End PBXProject section */

/* Begin PBXResourcesBuildPhase section */
		4D0B8FD5281A1819005E4909 /* Resources */ = {
			isa = PBXResourcesBuildPhase;
			buildActionMask = 2147483647;
			files = (
				4D86C6D428218E95004BC81D /* lf30_editor_s11lodtv.json in Resources */,
				4D0B8FE2281A181D005E4909 /* Preview Assets.xcassets in Resources */,
				4D0B8FDF281A181D005E4909 /* Assets.xcassets in Resources */,
				4D86C6D028217AFA004BC81D /* lf30_editor_hhraccf4.json in Resources */,
				4D86C6CE28216A6B004BC81D /* lf20_jUaIOT.json in Resources */,
			);
			runOnlyForDeploymentPostprocessing = 0;
		};
		4D0B8FE5281A181D005E4909 /* Resources */ = {
			isa = PBXResourcesBuildPhase;
			buildActionMask = 2147483647;
			files = (
			);
			runOnlyForDeploymentPostprocessing = 0;
		};
		4D0B8FEF281A181D005E4909 /* Resources */ = {
			isa = PBXResourcesBuildPhase;
			buildActionMask = 2147483647;
			files = (
			);
			runOnlyForDeploymentPostprocessing = 0;
		};
/* End PBXResourcesBuildPhase section */

/* Begin PBXSourcesBuildPhase section */
		4D0B8FD3281A1819005E4909 /* Sources */ = {
			isa = PBXSourcesBuildPhase;
			buildActionMask = 2147483647;
			files = (
				4DD1D934281F720B00EBBEE6 /* HanddripGuide.swift in Sources */,
				4DCB2652281D8203006923C5 /* GridCardItem.swift in Sources */,
				4DD55CBE28200A7C00A03F42 /* HanddripGuideLast.swift in Sources */,
				4D86C6D228218AF5004BC81D /* LottieView2.swift in Sources */,
				4DD55CBC281FFD7200A03F42 /* HanddripGuide9.swift in Sources */,
				4D86C6ED2822CABA004BC81D /* HanddripGuide10.swift in Sources */,
				4D0B9007281A7CE4005E4909 /* ColorExtension.swift in Sources */,
				4DD55CB1281FC8D400A03F42 /* HanddripGuide4.swift in Sources */,
				4DD55CB3281FC96600A03F42 /* HanddripGuide5.swift in Sources */,
				4D0B8FDD281A1819005E4909 /* ContentView.swift in Sources */,
				4DD55CB5281FCAE300A03F42 /* HanddripGuide6.swift in Sources */,
				4D86C6F12822CAE1004BC81D /* HanddripGuide12.swift in Sources */,
				4DCB2654281D82DB006923C5 /* CoffeeInfo.swift in Sources */,
				4D86C6CA282165D1004BC81D /* LottieView1.swift in Sources */,
				4DCB2656281D8334006923C5 /* CoffeeSubInfo.swift in Sources */,
				4D66C4092823959400EDC205 /* CoffeeDetail.swift in Sources */,
				4DCB265A281D84BC006923C5 /* ToggleButton.swift in Sources */,
				4D0B8FDB281A1819005E4909 /* HandDripCoffeeApp.swift in Sources */,
				4D86C6F32822CAED004BC81D /* HanddripGuide13.swift in Sources */,
				4D0B9009281B6BB1005E4909 /* MianSeletedBar.swift in Sources */,
				4DD55CAD281FC20B00A03F42 /* HanddripGuide3.swift in Sources */,
				4DD55CB7281FCBCE00A03F42 /* HanddripGuide7.swift in Sources */,
				4D86C6EF2822CAC9004BC81D /* HanddripGuide11.swift in Sources */,
				4DD55CC0282038EC00A03F42 /* SwiftUIView10.swift in Sources */,
				4D86C6D628218ED8004BC81D /* LottieView.swift in Sources */,
				4DD55CB9281FF5EA00A03F42 /* HanddripGuide8.swift in Sources */,
				4DD55CA9281FBC7B00A03F42 /* HanddripGuide2.swift in Sources */,
			);
			runOnlyForDeploymentPostprocessing = 0;
		};
		4D0B8FE3281A181D005E4909 /* Sources */ = {
			isa = PBXSourcesBuildPhase;
			buildActionMask = 2147483647;
			files = (
				4D0B8FEC281A181D005E4909 /* handDripCoffeeTests.swift in Sources */,
			);
			runOnlyForDeploymentPostprocessing = 0;
		};
		4D0B8FED281A181D005E4909 /* Sources */ = {
			isa = PBXSourcesBuildPhase;
			buildActionMask = 2147483647;
			files = (
				4D0B8FF8281A181D005E4909 /* handDripCoffeeUITestsLaunchTests.swift in Sources */,
				4D0B8FF6281A181D005E4909 /* handDripCoffeeUITests.swift in Sources */,
			);
			runOnlyForDeploymentPostprocessing = 0;
		};
/* End PBXSourcesBuildPhase section */

/* Begin PBXTargetDependency section */
		4D0B8FE9281A181D005E4909 /* PBXTargetDependency */ = {
			isa = PBXTargetDependency;
			target = 4D0B8FD6281A1819005E4909 /* handDripCoffee */;
			targetProxy = 4D0B8FE8281A181D005E4909 /* PBXContainerItemProxy */;
		};
		4D0B8FF3281A181D005E4909 /* PBXTargetDependency */ = {
			isa = PBXTargetDependency;
			target = 4D0B8FD6281A1819005E4909 /* handDripCoffee */;
			targetProxy = 4D0B8FF2281A181D005E4909 /* PBXContainerItemProxy */;
		};
/* End PBXTargetDependency section */

/* Begin XCBuildConfiguration section */
		4D0B8FF9281A181D005E4909 /* Debug */ = {
			isa = XCBuildConfiguration;
			buildSettings = {
				ALWAYS_SEARCH_USER_PATHS = NO;
				CLANG_ANALYZER_NONNULL = YES;
				CLANG_ANALYZER_NUMBER_OBJECT_CONVERSION = YES_AGGRESSIVE;
				CLANG_CXX_LANGUAGE_STANDARD = "gnu++17";
				CLANG_ENABLE_MODULES = YES;
				CLANG_ENABLE_OBJC_ARC = YES;
				CLANG_ENABLE_OBJC_WEAK = YES;
				CLANG_WARN_BLOCK_CAPTURE_AUTORELEASING = YES;
				CLANG_WARN_BOOL_CONVERSION = YES;
				CLANG_WARN_COMMA = YES;
				CLANG_WARN_CONSTANT_CONVERSION = YES;
				CLANG_WARN_DEPRECATED_OBJC_IMPLEMENTATIONS = YES;
				CLANG_WARN_DIRECT_OBJC_ISA_USAGE = YES_ERROR;
				CLANG_WARN_DOCUMENTATION_COMMENTS = YES;
				CLANG_WARN_EMPTY_BODY = YES;
				CLANG_WARN_ENUM_CONVERSION = YES;
				CLANG_WARN_INFINITE_RECURSION = YES;
				CLANG_WARN_INT_CONVERSION = YES;
				CLANG_WARN_NON_LITERAL_NULL_CONVERSION = YES;
				CLANG_WARN_OBJC_IMPLICIT_RETAIN_SELF = YES;
				CLANG_WARN_OBJC_LITERAL_CONVERSION = YES;
				CLANG_WARN_OBJC_ROOT_CLASS = YES_ERROR;
				CLANG_WARN_QUOTED_INCLUDE_IN_FRAMEWORK_HEADER = YES;
				CLANG_WARN_RANGE_LOOP_ANALYSIS = YES;
				CLANG_WARN_STRICT_PROTOTYPES = YES;
				CLANG_WARN_SUSPICIOUS_MOVE = YES;
				CLANG_WARN_UNGUARDED_AVAILABILITY = YES_AGGRESSIVE;
				CLANG_WARN_UNREACHABLE_CODE = YES;
				CLANG_WARN__DUPLICATE_METHOD_MATCH = YES;
				COPY_PHASE_STRIP = NO;
				DEBUG_INFORMATION_FORMAT = dwarf;
				ENABLE_STRICT_OBJC_MSGSEND = YES;
				ENABLE_TESTABILITY = YES;
				GCC_C_LANGUAGE_STANDARD = gnu11;
				GCC_DYNAMIC_NO_PIC = NO;
				GCC_NO_COMMON_BLOCKS = YES;
				GCC_OPTIMIZATION_LEVEL = 0;
				GCC_PREPROCESSOR_DEFINITIONS = (
					"DEBUG=1",
					"$(inherited)",
				);
				GCC_WARN_64_TO_32_BIT_CONVERSION = YES;
				GCC_WARN_ABOUT_RETURN_TYPE = YES_ERROR;
				GCC_WARN_UNDECLARED_SELECTOR = YES;
				GCC_WARN_UNINITIALIZED_AUTOS = YES_AGGRESSIVE;
				GCC_WARN_UNUSED_FUNCTION = YES;
				GCC_WARN_UNUSED_VARIABLE = YES;
				IPHONEOS_DEPLOYMENT_TARGET = 15.4;
				MTL_ENABLE_DEBUG_INFO = INCLUDE_SOURCE;
				MTL_FAST_MATH = YES;
				ONLY_ACTIVE_ARCH = YES;
				SDKROOT = iphoneos;
				SWIFT_ACTIVE_COMPILATION_CONDITIONS = DEBUG;
				SWIFT_OPTIMIZATION_LEVEL = "-Onone";
			};
			name = Debug;
		};
		4D0B8FFA281A181D005E4909 /* Release */ = {
			isa = XCBuildConfiguration;
			buildSettings = {
				ALWAYS_SEARCH_USER_PATHS = NO;
				CLANG_ANALYZER_NONNULL = YES;
				CLANG_ANALYZER_NUMBER_OBJECT_CONVERSION = YES_AGGRESSIVE;
				CLANG_CXX_LANGUAGE_STANDARD = "gnu++17";
				CLANG_ENABLE_MODULES = YES;
				CLANG_ENABLE_OBJC_ARC = YES;
				CLANG_ENABLE_OBJC_WEAK = YES;
				CLANG_WARN_BLOCK_CAPTURE_AUTORELEASING = YES;
				CLANG_WARN_BOOL_CONVERSION = YES;
				CLANG_WARN_COMMA = YES;
				CLANG_WARN_CONSTANT_CONVERSION = YES;
				CLANG_WARN_DEPRECATED_OBJC_IMPLEMENTATIONS = YES;
				CLANG_WARN_DIRECT_OBJC_ISA_USAGE = YES_ERROR;
				CLANG_WARN_DOCUMENTATION_COMMENTS = YES;
				CLANG_WARN_EMPTY_BODY = YES;
				CLANG_WARN_ENUM_CONVERSION = YES;
				CLANG_WARN_INFINITE_RECURSION = YES;
				CLANG_WARN_INT_CONVERSION = YES;
				CLANG_WARN_NON_LITERAL_NULL_CONVERSION = YES;
				CLANG_WARN_OBJC_IMPLICIT_RETAIN_SELF = YES;
				CLANG_WARN_OBJC_LITERAL_CONVERSION = YES;
				CLANG_WARN_OBJC_ROOT_CLASS = YES_ERROR;
				CLANG_WARN_QUOTED_INCLUDE_IN_FRAMEWORK_HEADER = YES;
				CLANG_WARN_RANGE_LOOP_ANALYSIS = YES;
				CLANG_WARN_STRICT_PROTOTYPES = YES;
				CLANG_WARN_SUSPICIOUS_MOVE = YES;
				CLANG_WARN_UNGUARDED_AVAILABILITY = YES_AGGRESSIVE;
				CLANG_WARN_UNREACHABLE_CODE = YES;
				CLANG_WARN__DUPLICATE_METHOD_MATCH = YES;
				COPY_PHASE_STRIP = NO;
				DEBUG_INFORMATION_FORMAT = "dwarf-with-dsym";
				ENABLE_NS_ASSERTIONS = NO;
				ENABLE_STRICT_OBJC_MSGSEND = YES;
				GCC_C_LANGUAGE_STANDARD = gnu11;
				GCC_NO_COMMON_BLOCKS = YES;
				GCC_WARN_64_TO_32_BIT_CONVERSION = YES;
				GCC_WARN_ABOUT_RETURN_TYPE = YES_ERROR;
				GCC_WARN_UNDECLARED_SELECTOR = YES;
				GCC_WARN_UNINITIALIZED_AUTOS = YES_AGGRESSIVE;
				GCC_WARN_UNUSED_FUNCTION = YES;
				GCC_WARN_UNUSED_VARIABLE = YES;
				IPHONEOS_DEPLOYMENT_TARGET = 15.4;
				MTL_ENABLE_DEBUG_INFO = NO;
				MTL_FAST_MATH = YES;
				SDKROOT = iphoneos;
				SWIFT_COMPILATION_MODE = wholemodule;
				SWIFT_OPTIMIZATION_LEVEL = "-O";
				VALIDATE_PRODUCT = YES;
			};
			name = Release;
		};
		4D0B8FFC281A181D005E4909 /* Debug */ = {
			isa = XCBuildConfiguration;
			buildSettings = {
				ASSETCATALOG_COMPILER_APPICON_NAME = AppIcon;
				ASSETCATALOG_COMPILER_GLOBAL_ACCENT_COLOR_NAME = AccentColor;
				CODE_SIGN_STYLE = Automatic;
				CURRENT_PROJECT_VERSION = 1;
				DEVELOPMENT_ASSET_PATHS = "\"handDripCoffee/Preview Content\"";
				DEVELOPMENT_TEAM = 9QKHF269WJ;
				ENABLE_PREVIEWS = YES;
				GENERATE_INFOPLIST_FILE = YES;
				INFOPLIST_KEY_UIApplicationSceneManifest_Generation = YES;
				INFOPLIST_KEY_UIApplicationSupportsIndirectInputEvents = YES;
				INFOPLIST_KEY_UILaunchScreen_Generation = YES;
				INFOPLIST_KEY_UISupportedInterfaceOrientations_iPad = "UIInterfaceOrientationPortrait UIInterfaceOrientationPortraitUpsideDown UIInterfaceOrientationLandscapeLeft UIInterfaceOrientationLandscapeRight";
				INFOPLIST_KEY_UISupportedInterfaceOrientations_iPhone = "UIInterfaceOrientationPortrait UIInterfaceOrientationLandscapeLeft UIInterfaceOrientationLandscapeRight";
				LD_RUNPATH_SEARCH_PATHS = (
					"$(inherited)",
					"@executable_path/Frameworks",
				);
				MARKETING_VERSION = 1.0;
				PRODUCT_BUNDLE_IDENTIFIER = "com.asher-appleDevAcademy.handDripCoffee";
				PRODUCT_NAME = "$(TARGET_NAME)";
				SWIFT_EMIT_LOC_STRINGS = YES;
				SWIFT_VERSION = 5.0;
				TARGETED_DEVICE_FAMILY = "1,2";
			};
			name = Debug;
		};
		4D0B8FFD281A181D005E4909 /* Release */ = {
			isa = XCBuildConfiguration;
			buildSettings = {
				ASSETCATALOG_COMPILER_APPICON_NAME = AppIcon;
				ASSETCATALOG_COMPILER_GLOBAL_ACCENT_COLOR_NAME = AccentColor;
				CODE_SIGN_STYLE = Automatic;
				CURRENT_PROJECT_VERSION = 1;
				DEVELOPMENT_ASSET_PATHS = "\"handDripCoffee/Preview Content\"";
				DEVELOPMENT_TEAM = 9QKHF269WJ;
				ENABLE_PREVIEWS = YES;
				GENERATE_INFOPLIST_FILE = YES;
				INFOPLIST_KEY_UIApplicationSceneManifest_Generation = YES;
				INFOPLIST_KEY_UIApplicationSupportsIndirectInputEvents = YES;
				INFOPLIST_KEY_UILaunchScreen_Generation = YES;
				INFOPLIST_KEY_UISupportedInterfaceOrientations_iPad = "UIInterfaceOrientationPortrait UIInterfaceOrientationPortraitUpsideDown UIInterfaceOrientationLandscapeLeft UIInterfaceOrientationLandscapeRight";
				INFOPLIST_KEY_UISupportedInterfaceOrientations_iPhone = "UIInterfaceOrientationPortrait UIInterfaceOrientationLandscapeLeft UIInterfaceOrientationLandscapeRight";
				LD_RUNPATH_SEARCH_PATHS = (
					"$(inherited)",
					"@executable_path/Frameworks",
				);
				MARKETING_VERSION = 1.0;
				PRODUCT_BUNDLE_IDENTIFIER = "com.asher-appleDevAcademy.handDripCoffee";
				PRODUCT_NAME = "$(TARGET_NAME)";
				SWIFT_EMIT_LOC_STRINGS = YES;
				SWIFT_VERSION = 5.0;
				TARGETED_DEVICE_FAMILY = "1,2";
			};
			name = Release;
		};
		4D0B8FFF281A181D005E4909 /* Debug */ = {
			isa = XCBuildConfiguration;
			buildSettings = {
				ALWAYS_EMBED_SWIFT_STANDARD_LIBRARIES = YES;
				BUNDLE_LOADER = "$(TEST_HOST)";
				CODE_SIGN_STYLE = Automatic;
				CURRENT_PROJECT_VERSION = 1;
				DEVELOPMENT_TEAM = 9QKHF269WJ;
				GENERATE_INFOPLIST_FILE = YES;
				IPHONEOS_DEPLOYMENT_TARGET = 15.4;
				MARKETING_VERSION = 1.0;
				PRODUCT_BUNDLE_IDENTIFIER = "com.asher-appleDevAcademy.handDripCoffeeTests";
				PRODUCT_NAME = "$(TARGET_NAME)";
				SWIFT_EMIT_LOC_STRINGS = NO;
				SWIFT_VERSION = 5.0;
				TARGETED_DEVICE_FAMILY = "1,2";
				TEST_HOST = "$(BUILT_PRODUCTS_DIR)/handDripCoffee.app/handDripCoffee";
			};
			name = Debug;
		};
		4D0B9000281A181D005E4909 /* Release */ = {
			isa = XCBuildConfiguration;
			buildSettings = {
				ALWAYS_EMBED_SWIFT_STANDARD_LIBRARIES = YES;
				BUNDLE_LOADER = "$(TEST_HOST)";
				CODE_SIGN_STYLE = Automatic;
				CURRENT_PROJECT_VERSION = 1;
				DEVELOPMENT_TEAM = 9QKHF269WJ;
				GENERATE_INFOPLIST_FILE = YES;
				IPHONEOS_DEPLOYMENT_TARGET = 15.4;
				MARKETING_VERSION = 1.0;
				PRODUCT_BUNDLE_IDENTIFIER = "com.asher-appleDevAcademy.handDripCoffeeTests";
				PRODUCT_NAME = "$(TARGET_NAME)";
				SWIFT_EMIT_LOC_STRINGS = NO;
				SWIFT_VERSION = 5.0;
				TARGETED_DEVICE_FAMILY = "1,2";
				TEST_HOST = "$(BUILT_PRODUCTS_DIR)/handDripCoffee.app/handDripCoffee";
			};
			name = Release;
		};
		4D0B9002281A181D005E4909 /* Debug */ = {
			isa = XCBuildConfiguration;
			buildSettings = {
				ALWAYS_EMBED_SWIFT_STANDARD_LIBRARIES = YES;
				CODE_SIGN_STYLE = Automatic;
				CURRENT_PROJECT_VERSION = 1;
				DEVELOPMENT_TEAM = 9QKHF269WJ;
				GENERATE_INFOPLIST_FILE = YES;
				MARKETING_VERSION = 1.0;
				PRODUCT_BUNDLE_IDENTIFIER = "com.asher-appleDevAcademy.handDripCoffeeUITests";
				PRODUCT_NAME = "$(TARGET_NAME)";
				SWIFT_EMIT_LOC_STRINGS = NO;
				SWIFT_VERSION = 5.0;
				TARGETED_DEVICE_FAMILY = "1,2";
				TEST_TARGET_NAME = handDripCoffee;
			};
			name = Debug;
		};
		4D0B9003281A181D005E4909 /* Release */ = {
			isa = XCBuildConfiguration;
			buildSettings = {
				ALWAYS_EMBED_SWIFT_STANDARD_LIBRARIES = YES;
				CODE_SIGN_STYLE = Automatic;
				CURRENT_PROJECT_VERSION = 1;
				DEVELOPMENT_TEAM = 9QKHF269WJ;
				GENERATE_INFOPLIST_FILE = YES;
				MARKETING_VERSION = 1.0;
				PRODUCT_BUNDLE_IDENTIFIER = "com.asher-appleDevAcademy.handDripCoffeeUITests";
				PRODUCT_NAME = "$(TARGET_NAME)";
				SWIFT_EMIT_LOC_STRINGS = NO;
				SWIFT_VERSION = 5.0;
				TARGETED_DEVICE_FAMILY = "1,2";
				TEST_TARGET_NAME = handDripCoffee;
			};
			name = Release;
		};
/* End XCBuildConfiguration section */

/* Begin XCConfigurationList section */
		4D0B8FD2281A1819005E4909 /* Build configuration list for PBXProject "handDripCoffee" */ = {
			isa = XCConfigurationList;
			buildConfigurations = (
				4D0B8FF9281A181D005E4909 /* Debug */,
				4D0B8FFA281A181D005E4909 /* Release */,
			);
			defaultConfigurationIsVisible = 0;
			defaultConfigurationName = Release;
		};
		4D0B8FFB281A181D005E4909 /* Build configuration list for PBXNativeTarget "handDripCoffee" */ = {
			isa = XCConfigurationList;
			buildConfigurations = (
				4D0B8FFC281A181D005E4909 /* Debug */,
				4D0B8FFD281A181D005E4909 /* Release */,
			);
			defaultConfigurationIsVisible = 0;
			defaultConfigurationName = Release;
		};
		4D0B8FFE281A181D005E4909 /* Build configuration list for PBXNativeTarget "handDripCoffeeTests" */ = {
			isa = XCConfigurationList;
			buildConfigurations = (
				4D0B8FFF281A181D005E4909 /* Debug */,
				4D0B9000281A181D005E4909 /* Release */,
			);
			defaultConfigurationIsVisible = 0;
			defaultConfigurationName = Release;
		};
		4D0B9001281A181D005E4909 /* Build configuration list for PBXNativeTarget "handDripCoffeeUITests" */ = {
			isa = XCConfigurationList;
			buildConfigurations = (
				4D0B9002281A181D005E4909 /* Debug */,
				4D0B9003281A181D005E4909 /* Release */,
			);
			defaultConfigurationIsVisible = 0;
			defaultConfigurationName = Release;
		};
/* End XCConfigurationList section */

/* Begin XCRemoteSwiftPackageReference section */
		4D86C6C6282165AB004BC81D /* XCRemoteSwiftPackageReference "lottie-ios" */ = {
			isa = XCRemoteSwiftPackageReference;
			repositoryURL = "https://github.com/airbnb/lottie-ios.git";
			requirement = {
				kind = upToNextMajorVersion;
				minimumVersion = 3.0.0;
			};
		};
/* End XCRemoteSwiftPackageReference section */

/* Begin XCSwiftPackageProductDependency section */
		4D86C6C7282165AB004BC81D /* Lottie */ = {
			isa = XCSwiftPackageProductDependency;
			package = 4D86C6C6282165AB004BC81D /* XCRemoteSwiftPackageReference "lottie-ios" */;
			productName = Lottie;
		};
/* End XCSwiftPackageProductDependency section */
	};
	rootObject = 4D0B8FCF281A1819005E4909 /* Project object */;
}
